
Microsoft Visual Studio Solution File, Format Version 12.00
# Visual Studio Version 17
VisualStudioVersion = 17.6.33815.320
MinimumVisualStudioVersion = 10.0.40219.1
Project("{FAE04EC0-301F-11D3-BF4B-00C04F79EFBC}") = "ejercicioSanitizar", "ejercicioSanitizar.csproj", "{3E6CF239-FDA1-4C08-ABA2-E07B2EB8F95B}"
EndProject
Global
	GlobalSection(SolutionConfigurationPlatforms) = preSolution
		Debug|Any CPU = Debug|Any CPU
		Release|Any CPU = Release|Any CPU
	EndGlobalSection
	GlobalSection(ProjectConfigurationPlatforms) = postSolution
		{3E6CF239-FDA1-4C08-ABA2-E07B2EB8F95B}.Debug|Any CPU.ActiveCfg = Debug|Any CPU
		{3E6CF239-FDA1-4C08-ABA2-E07B2EB8F95B}.Debug|Any CPU.Build.0 = Debug|Any CPU
		{3E6CF239-FDA1-4C08-ABA2-E07B2EB8F95B}.Release|Any CPU.ActiveCfg = Release|Any CPU
		{3E6CF239-FDA1-4C08-ABA2-E07B2EB8F95B}.Release|Any CPU.Build.0 = Release|Any CPU
	EndGlobalSection
	GlobalSection(SolutionProperties) = preSolution
		HideSolutionNode = FALSE
	EndGlobalSection
	GlobalSection(ExtensibilityGlobals) = postSolution
		SolutionGuid = {A30FE0D5-F3E9-4EE2-95A2-3847C93B5659}
	EndGlobalSection
EndGlobal
